
Microsoft Visual Studio Solution File, Format Version 12.00
# Visual Studio 15
VisualStudioVersion = 15.0.28307.645
MinimumVisualStudioVersion = 10.0.40219.1
Project("{9A19103F-16F7-4668-BE54-9A1E7A4F7556}") = "AttachmentCenter", "AttachmentCenter\AttachmentCenter.csproj", "{0FD558E6-9AA0-4DED-AD7B-7AD7867CD4A1}"
EndProject
Global
	GlobalSection(SolutionConfigurationPlatforms) = preSolution
		Debug|Any CPU = Debug|Any CPU
		Release|Any CPU = Release|Any CPU
	EndGlobalSection
	GlobalSection(ProjectConfigurationPlatforms) = postSolution
		{0FD558E6-9AA0-4DED-AD7B-7AD7867CD4A1}.Debug|Any CPU.ActiveCfg = Debug|Any CPU
		{0FD558E6-9AA0-4DED-AD7B-7AD7867CD4A1}.Debug|Any CPU.Build.0 = Debug|Any CPU
		{0FD558E6-9AA0-4DED-AD7B-7AD7867CD4A1}.Release|Any CPU.ActiveCfg = Release|Any CPU
		{0FD558E6-9AA0-4DED-AD7B-7AD7867CD4A1}.Release|Any CPU.Build.0 = Release|Any CPU
	EndGlobalSection
	GlobalSection(SolutionProperties) = preSolution
		HideSolutionNode = FALSE
	EndGlobalSection
	GlobalSection(ExtensibilityGlobals) = postSolution
		SolutionGuid = {119CB017-5CEC-4C85-AECF-47DAFF49999A}
	EndGlobalSection
EndGlobal
